
Microsoft Visual Studio Solution File, Format Version 12.00
# Visual Studio Version 16
VisualStudioVersion = 16.0.29905.134
MinimumVisualStudioVersion = 10.0.40219.1
Project("{FAE04EC0-301F-11D3-BF4B-00C04F79EFBC}") = "TrackerLib", "TrackerLib\TrackerLib.csproj", "{443EE079-6E1A-4D09-BD84-F9EBF7DC7C05}"
EndProject
Global
	GlobalSection(SolutionConfigurationPlatforms) = preSolution
		Debug|Any CPU = Debug|Any CPU
		Release|Any CPU = Release|Any CPU
	EndGlobalSection
	GlobalSection(ProjectConfigurationPlatforms) = postSolution
		{443EE079-6E1A-4D09-BD84-F9EBF7DC7C05}.Debug|Any CPU.ActiveCfg = Debug|Any CPU
		{443EE079-6E1A-4D09-BD84-F9EBF7DC7C05}.Debug|Any CPU.Build.0 = Debug|Any CPU
		{443EE079-6E1A-4D09-BD84-F9EBF7DC7C05}.Release|Any CPU.ActiveCfg = Release|Any CPU
		{443EE079-6E1A-4D09-BD84-F9EBF7DC7C05}.Release|Any CPU.Build.0 = Release|Any CPU
	EndGlobalSection
	GlobalSection(SolutionProperties) = preSolution
		HideSolutionNode = FALSE
	EndGlobalSection
	GlobalSection(ExtensibilityGlobals) = postSolution
		SolutionGuid = {6ED2E423-8B27-4328-87E1-7BE35E4A839D}
	EndGlobalSection
EndGlobal
