
Microsoft Visual Studio Solution File, Format Version 12.00
# Visual Studio Version 16
VisualStudioVersion = 16.0.29905.134
MinimumVisualStudioVersion = 10.0.40219.1
Project("{FAE04EC0-301F-11D3-BF4B-00C04F79EFBC}") = "CRUD med Serier", "CRUD med Serier\CRUD med Serier.csproj", "{AB8A8FD5-5D02-40F9-8C57-C72B3082864C}"
EndProject
Global
	GlobalSection(SolutionConfigurationPlatforms) = preSolution
		Debug|Any CPU = Debug|Any CPU
		Release|Any CPU = Release|Any CPU
	EndGlobalSection
	GlobalSection(ProjectConfigurationPlatforms) = postSolution
		{AB8A8FD5-5D02-40F9-8C57-C72B3082864C}.Debug|Any CPU.ActiveCfg = Debug|Any CPU
		{AB8A8FD5-5D02-40F9-8C57-C72B3082864C}.Debug|Any CPU.Build.0 = Debug|Any CPU
		{AB8A8FD5-5D02-40F9-8C57-C72B3082864C}.Release|Any CPU.ActiveCfg = Release|Any CPU
		{AB8A8FD5-5D02-40F9-8C57-C72B3082864C}.Release|Any CPU.Build.0 = Release|Any CPU
	EndGlobalSection
	GlobalSection(SolutionProperties) = preSolution
		HideSolutionNode = FALSE
	EndGlobalSection
	GlobalSection(ExtensibilityGlobals) = postSolution
		SolutionGuid = {073EFC2C-71B8-4275-9EAF-0F958E2B4D0B}
	EndGlobalSection
EndGlobal
